
Microsoft Visual Studio Solution File, Format Version 12.00
# Visual Studio Version 16
VisualStudioVersion = 16.0.29201.188
MinimumVisualStudioVersion = 10.0.40219.1
Project("{FAE04EC0-301F-11D3-BF4B-00C04F79EFBC}") = "6.1P", "6.1P\6.1P.csproj", "{09A0FE3A-1181-4018-B579-E8738D2B9743}"
EndProject
Global
	GlobalSection(SolutionConfigurationPlatforms) = preSolution
		Debug|Any CPU = Debug|Any CPU
		Release|Any CPU = Release|Any CPU
	EndGlobalSection
	GlobalSection(ProjectConfigurationPlatforms) = postSolution
		{09A0FE3A-1181-4018-B579-E8738D2B9743}.Debug|Any CPU.ActiveCfg = Debug|Any CPU
		{09A0FE3A-1181-4018-B579-E8738D2B9743}.Debug|Any CPU.Build.0 = Debug|Any CPU
		{09A0FE3A-1181-4018-B579-E8738D2B9743}.Release|Any CPU.ActiveCfg = Release|Any CPU
		{09A0FE3A-1181-4018-B579-E8738D2B9743}.Release|Any CPU.Build.0 = Release|Any CPU
	EndGlobalSection
	GlobalSection(SolutionProperties) = preSolution
		HideSolutionNode = FALSE
	EndGlobalSection
	GlobalSection(ExtensibilityGlobals) = postSolution
		SolutionGuid = {C14D3996-6F9A-444C-BF0B-C71F9278A5D3}
	EndGlobalSection
EndGlobal
